
Microsoft Visual Studio Solution File, Format Version 12.00
# Visual Studio Version 17
VisualStudioVersion = 17.9.34616.47
MinimumVisualStudioVersion = 10.0.40219.1
Project("{FAE04EC0-301F-11D3-BF4B-00C04F79EFBC}") = "NBA_Sim_View", "NBA_Sim_View\NBA_Sim_View.csproj", "{781C3DFD-5E5C-409A-970B-ABF959F5DAFD}"
EndProject
Project("{FAE04EC0-301F-11D3-BF4B-00C04F79EFBC}") = "NBA_Sim_View_Test", "NBA_Sim_View_Test\NBA_Sim_View_Test.csproj", "{836EF7AE-9C88-4160-8699-17190DF7A8A8}"
EndProject
Global
	GlobalSection(SolutionConfigurationPlatforms) = preSolution
		Debug|Any CPU = Debug|Any CPU
		Release|Any CPU = Release|Any CPU
	EndGlobalSection
	GlobalSection(ProjectConfigurationPlatforms) = postSolution
		{781C3DFD-5E5C-409A-970B-ABF959F5DAFD}.Debug|Any CPU.ActiveCfg = Debug|Any CPU
		{781C3DFD-5E5C-409A-970B-ABF959F5DAFD}.Debug|Any CPU.Build.0 = Debug|Any CPU
		{781C3DFD-5E5C-409A-970B-ABF959F5DAFD}.Release|Any CPU.ActiveCfg = Release|Any CPU
		{781C3DFD-5E5C-409A-970B-ABF959F5DAFD}.Release|Any CPU.Build.0 = Release|Any CPU
		{836EF7AE-9C88-4160-8699-17190DF7A8A8}.Debug|Any CPU.ActiveCfg = Debug|Any CPU
		{836EF7AE-9C88-4160-8699-17190DF7A8A8}.Debug|Any CPU.Build.0 = Debug|Any CPU
		{836EF7AE-9C88-4160-8699-17190DF7A8A8}.Release|Any CPU.ActiveCfg = Release|Any CPU
		{836EF7AE-9C88-4160-8699-17190DF7A8A8}.Release|Any CPU.Build.0 = Release|Any CPU
	EndGlobalSection
	GlobalSection(SolutionProperties) = preSolution
		HideSolutionNode = FALSE
	EndGlobalSection
	GlobalSection(ExtensibilityGlobals) = postSolution
		SolutionGuid = {827E8B52-43AA-48FC-BF43-EE67E273CC2D}
	EndGlobalSection
EndGlobal
